
Microsoft Visual Studio Solution File, Format Version 12.00
# Visual Studio 15
VisualStudioVersion = 15.0.27130.2026
MinimumVisualStudioVersion = 10.0.40219.1
Project("{FAE04EC0-301F-11D3-BF4B-00C04F79EFBC}") = "BatlApi", "BatlApi\BatlApi.csproj", "{5E676DDA-6941-400A-8EF4-2876448FB7E5}"
EndProject
Project("{E53339B2-1760-4266-BCC7-CA923CBCF16C}") = "docker-compose", "docker-compose.dcproj", "{2A8EFC8A-6D79-4943-8611-D3A43D5FCA36}"
EndProject
Global
	GlobalSection(SolutionConfigurationPlatforms) = preSolution
		Debug|Any CPU = Debug|Any CPU
		Release|Any CPU = Release|Any CPU
	EndGlobalSection
	GlobalSection(ProjectConfigurationPlatforms) = postSolution
		{5E676DDA-6941-400A-8EF4-2876448FB7E5}.Debug|Any CPU.ActiveCfg = Debug|Any CPU
		{5E676DDA-6941-400A-8EF4-2876448FB7E5}.Debug|Any CPU.Build.0 = Debug|Any CPU
		{5E676DDA-6941-400A-8EF4-2876448FB7E5}.Release|Any CPU.ActiveCfg = Release|Any CPU
		{5E676DDA-6941-400A-8EF4-2876448FB7E5}.Release|Any CPU.Build.0 = Release|Any CPU
		{2A8EFC8A-6D79-4943-8611-D3A43D5FCA36}.Debug|Any CPU.ActiveCfg = Debug|Any CPU
		{2A8EFC8A-6D79-4943-8611-D3A43D5FCA36}.Debug|Any CPU.Build.0 = Debug|Any CPU
		{2A8EFC8A-6D79-4943-8611-D3A43D5FCA36}.Release|Any CPU.ActiveCfg = Release|Any CPU
		{2A8EFC8A-6D79-4943-8611-D3A43D5FCA36}.Release|Any CPU.Build.0 = Release|Any CPU
	EndGlobalSection
	GlobalSection(SolutionProperties) = preSolution
		HideSolutionNode = FALSE
	EndGlobalSection
	GlobalSection(ExtensibilityGlobals) = postSolution
		SolutionGuid = {864783C2-85EF-4B05-9546-0DCD56250D85}
	EndGlobalSection
EndGlobal
